
Microsoft Visual Studio Solution File, Format Version 12.00
# Visual Studio Version 17
VisualStudioVersion = 17.12.35707.178
MinimumVisualStudioVersion = 10.0.40219.1
Project("{FAE04EC0-301F-11D3-BF4B-00C04F79EFBC}") = "Sincro.Presentation", "Sincro.Presentation\Sincro.Presentation.csproj", "{FEA1A320-08A2-4F3B-821B-B0AB99C45C17}"
EndProject
Project("{FAE04EC0-301F-11D3-BF4B-00C04F79EFBC}") = "Sincro.Domain", "Sincro.Domain\Sincro.Domain.csproj", "{A6793A9D-C039-4E79-B0B9-19C4F1823BA3}"
EndProject
Project("{FAE04EC0-301F-11D3-BF4B-00C04F79EFBC}") = "Sincro.Application", "Sincro.Application\Sincro.Application.csproj", "{B1A698D3-9A5B-40EA-9E7A-F5DECCE8654D}"
EndProject
Project("{FAE04EC0-301F-11D3-BF4B-00C04F79EFBC}") = "Sincro.Infrastructure", "Sincro.Infrastructure\Sincro.Infrastructure.csproj", "{84D0212D-F8D1-4365-AB12-0FB311800E4B}"
EndProject
Global
	GlobalSection(SolutionConfigurationPlatforms) = preSolution
		Debug|Any CPU = Debug|Any CPU
		Release|Any CPU = Release|Any CPU
	EndGlobalSection
	GlobalSection(ProjectConfigurationPlatforms) = postSolution
		{FEA1A320-08A2-4F3B-821B-B0AB99C45C17}.Debug|Any CPU.ActiveCfg = Debug|Any CPU
		{FEA1A320-08A2-4F3B-821B-B0AB99C45C17}.Debug|Any CPU.Build.0 = Debug|Any CPU
		{FEA1A320-08A2-4F3B-821B-B0AB99C45C17}.Release|Any CPU.ActiveCfg = Release|Any CPU
		{FEA1A320-08A2-4F3B-821B-B0AB99C45C17}.Release|Any CPU.Build.0 = Release|Any CPU
		{A6793A9D-C039-4E79-B0B9-19C4F1823BA3}.Debug|Any CPU.ActiveCfg = Debug|Any CPU
		{A6793A9D-C039-4E79-B0B9-19C4F1823BA3}.Debug|Any CPU.Build.0 = Debug|Any CPU
		{A6793A9D-C039-4E79-B0B9-19C4F1823BA3}.Release|Any CPU.ActiveCfg = Release|Any CPU
		{A6793A9D-C039-4E79-B0B9-19C4F1823BA3}.Release|Any CPU.Build.0 = Release|Any CPU
		{B1A698D3-9A5B-40EA-9E7A-F5DECCE8654D}.Debug|Any CPU.ActiveCfg = Debug|Any CPU
		{B1A698D3-9A5B-40EA-9E7A-F5DECCE8654D}.Debug|Any CPU.Build.0 = Debug|Any CPU
		{B1A698D3-9A5B-40EA-9E7A-F5DECCE8654D}.Release|Any CPU.ActiveCfg = Release|Any CPU
		{B1A698D3-9A5B-40EA-9E7A-F5DECCE8654D}.Release|Any CPU.Build.0 = Release|Any CPU
		{84D0212D-F8D1-4365-AB12-0FB311800E4B}.Debug|Any CPU.ActiveCfg = Debug|Any CPU
		{84D0212D-F8D1-4365-AB12-0FB311800E4B}.Debug|Any CPU.Build.0 = Debug|Any CPU
		{84D0212D-F8D1-4365-AB12-0FB311800E4B}.Release|Any CPU.ActiveCfg = Release|Any CPU
		{84D0212D-F8D1-4365-AB12-0FB311800E4B}.Release|Any CPU.Build.0 = Release|Any CPU
	EndGlobalSection
	GlobalSection(SolutionProperties) = preSolution
		HideSolutionNode = FALSE
	EndGlobalSection
EndGlobal
